
Microsoft Visual Studio Solution File, Format Version 12.00
# Visual Studio Version 17
VisualStudioVersion = 17.3.32825.248
MinimumVisualStudioVersion = 10.0.40219.1
Project("{9A19103F-16F7-4668-BE54-9A1E7A4F7556}") = "Challenge.API", "src\Challenge.API\Challenge.API.csproj", "{F2080397-1F26-4EC6-9A1D-B53903890A3D}"
EndProject
Project("{9A19103F-16F7-4668-BE54-9A1E7A4F7556}") = "Challenge.Application", "src\Challenge.Application\Challenge.Application.csproj", "{071F632A-B03E-4A09-BCD3-B41E0E4F743C}"
EndProject
Project("{9A19103F-16F7-4668-BE54-9A1E7A4F7556}") = "Challenge.Domain", "src\Challenge.Domain\Challenge.Domain.csproj", "{DC8F4E2E-1143-46E6-A894-200EC352C54F}"
EndProject
Project("{9A19103F-16F7-4668-BE54-9A1E7A4F7556}") = "Challenge.Infra.Data", "src\Challenge.Infra.Data\Challenge.Infra.Data.csproj", "{10E15A83-4099-4870-B9FD-A6AD24E846DD}"
EndProject
Project("{E53339B2-1760-4266-BCC7-CA923CBCF16C}") = "docker-compose", "docker-compose.dcproj", "{0C91101F-5BEF-4B8A-A0BD-B1C965F66020}"
EndProject
Global
	GlobalSection(SolutionConfigurationPlatforms) = preSolution
		Debug|Any CPU = Debug|Any CPU
		Release|Any CPU = Release|Any CPU
	EndGlobalSection
	GlobalSection(ProjectConfigurationPlatforms) = postSolution
		{F2080397-1F26-4EC6-9A1D-B53903890A3D}.Debug|Any CPU.ActiveCfg = Debug|Any CPU
		{F2080397-1F26-4EC6-9A1D-B53903890A3D}.Debug|Any CPU.Build.0 = Debug|Any CPU
		{F2080397-1F26-4EC6-9A1D-B53903890A3D}.Release|Any CPU.ActiveCfg = Release|Any CPU
		{F2080397-1F26-4EC6-9A1D-B53903890A3D}.Release|Any CPU.Build.0 = Release|Any CPU
		{071F632A-B03E-4A09-BCD3-B41E0E4F743C}.Debug|Any CPU.ActiveCfg = Debug|Any CPU
		{071F632A-B03E-4A09-BCD3-B41E0E4F743C}.Debug|Any CPU.Build.0 = Debug|Any CPU
		{071F632A-B03E-4A09-BCD3-B41E0E4F743C}.Release|Any CPU.ActiveCfg = Release|Any CPU
		{071F632A-B03E-4A09-BCD3-B41E0E4F743C}.Release|Any CPU.Build.0 = Release|Any CPU
		{DC8F4E2E-1143-46E6-A894-200EC352C54F}.Debug|Any CPU.ActiveCfg = Debug|Any CPU
		{DC8F4E2E-1143-46E6-A894-200EC352C54F}.Debug|Any CPU.Build.0 = Debug|Any CPU
		{DC8F4E2E-1143-46E6-A894-200EC352C54F}.Release|Any CPU.ActiveCfg = Release|Any CPU
		{DC8F4E2E-1143-46E6-A894-200EC352C54F}.Release|Any CPU.Build.0 = Release|Any CPU
		{10E15A83-4099-4870-B9FD-A6AD24E846DD}.Debug|Any CPU.ActiveCfg = Debug|Any CPU
		{10E15A83-4099-4870-B9FD-A6AD24E846DD}.Debug|Any CPU.Build.0 = Debug|Any CPU
		{10E15A83-4099-4870-B9FD-A6AD24E846DD}.Release|Any CPU.ActiveCfg = Release|Any CPU
		{10E15A83-4099-4870-B9FD-A6AD24E846DD}.Release|Any CPU.Build.0 = Release|Any CPU
		{0C91101F-5BEF-4B8A-A0BD-B1C965F66020}.Debug|Any CPU.ActiveCfg = Debug|Any CPU
		{0C91101F-5BEF-4B8A-A0BD-B1C965F66020}.Debug|Any CPU.Build.0 = Debug|Any CPU
		{0C91101F-5BEF-4B8A-A0BD-B1C965F66020}.Release|Any CPU.ActiveCfg = Release|Any CPU
		{0C91101F-5BEF-4B8A-A0BD-B1C965F66020}.Release|Any CPU.Build.0 = Release|Any CPU
	EndGlobalSection
	GlobalSection(SolutionProperties) = preSolution
		HideSolutionNode = FALSE
	EndGlobalSection
	GlobalSection(ExtensibilityGlobals) = postSolution
		SolutionGuid = {F951AB87-D4AA-4697-9E44-748047256904}
	EndGlobalSection
EndGlobal
